
Microsoft Visual Studio Solution File, Format Version 12.00
# Visual Studio Version 17
VisualStudioVersion = 17.5.002.0
MinimumVisualStudioVersion = 10.0.40219.1
Project("{9A19103F-16F7-4668-BE54-9A1E7A4F7556}") = "dotNET_biblioteca", "dotNET_biblioteca.csproj", "{9021A354-730C-4484-B418-4A92106AB825}"
EndProject
Global
	GlobalSection(SolutionConfigurationPlatforms) = preSolution
		Debug|Any CPU = Debug|Any CPU
		Release|Any CPU = Release|Any CPU
	EndGlobalSection
	GlobalSection(ProjectConfigurationPlatforms) = postSolution
		{9021A354-730C-4484-B418-4A92106AB825}.Debug|Any CPU.ActiveCfg = Debug|Any CPU
		{9021A354-730C-4484-B418-4A92106AB825}.Debug|Any CPU.Build.0 = Debug|Any CPU
		{9021A354-730C-4484-B418-4A92106AB825}.Release|Any CPU.ActiveCfg = Release|Any CPU
		{9021A354-730C-4484-B418-4A92106AB825}.Release|Any CPU.Build.0 = Release|Any CPU
	EndGlobalSection
	GlobalSection(SolutionProperties) = preSolution
		HideSolutionNode = FALSE
	EndGlobalSection
	GlobalSection(ExtensibilityGlobals) = postSolution
		SolutionGuid = {C99B4296-7623-4A68-BE1B-935272CE7DA6}
	EndGlobalSection
EndGlobal
